
Microsoft Visual Studio Solution File, Format Version 12.00
# Visual Studio 15
VisualStudioVersion = 15.0.26430.16
MinimumVisualStudioVersion = 10.0.40219.1
Project("{8BC9CEB8-8B4A-11D0-8D11-00A0C91BC942}") = "13_Templates_num_1", "13_Templates_num_1\13_Templates_num_1.vcxproj", "{116C2313-0CA0-4FE1-B5A7-10119242264D}"
EndProject
Project("{8BC9CEB8-8B4A-11D0-8D11-00A0C91BC942}") = "13_Templates_num_2", "13_Templates_num_2\13_Templates_num_2.vcxproj", "{C5BA97C2-2FAB-41B7-97D5-1C9772FF1212}"
EndProject
Project("{8BC9CEB8-8B4A-11D0-8D11-00A0C91BC942}") = "13_Templates_num_3", "13_Templates_num_3\13_Templates_num_3.vcxproj", "{74F59D86-E5EE-4DA0-A93C-0AF02D9FC4C0}"
EndProject
Global
	GlobalSection(SolutionConfigurationPlatforms) = preSolution
		Debug|x64 = Debug|x64
		Debug|x86 = Debug|x86
		Release|x64 = Release|x64
		Release|x86 = Release|x86
	EndGlobalSection
	GlobalSection(ProjectConfigurationPlatforms) = postSolution
		{116C2313-0CA0-4FE1-B5A7-10119242264D}.Debug|x64.ActiveCfg = Debug|x64
		{116C2313-0CA0-4FE1-B5A7-10119242264D}.Debug|x64.Build.0 = Debug|x64
		{116C2313-0CA0-4FE1-B5A7-10119242264D}.Debug|x86.ActiveCfg = Debug|Win32
		{116C2313-0CA0-4FE1-B5A7-10119242264D}.Debug|x86.Build.0 = Debug|Win32
		{116C2313-0CA0-4FE1-B5A7-10119242264D}.Release|x64.ActiveCfg = Release|x64
		{116C2313-0CA0-4FE1-B5A7-10119242264D}.Release|x64.Build.0 = Release|x64
		{116C2313-0CA0-4FE1-B5A7-10119242264D}.Release|x86.ActiveCfg = Release|Win32
		{116C2313-0CA0-4FE1-B5A7-10119242264D}.Release|x86.Build.0 = Release|Win32
		{C5BA97C2-2FAB-41B7-97D5-1C9772FF1212}.Debug|x64.ActiveCfg = Debug|x64
		{C5BA97C2-2FAB-41B7-97D5-1C9772FF1212}.Debug|x64.Build.0 = Debug|x64
		{C5BA97C2-2FAB-41B7-97D5-1C9772FF1212}.Debug|x86.ActiveCfg = Debug|Win32
		{C5BA97C2-2FAB-41B7-97D5-1C9772FF1212}.Debug|x86.Build.0 = Debug|Win32
		{C5BA97C2-2FAB-41B7-97D5-1C9772FF1212}.Release|x64.ActiveCfg = Release|x64
		{C5BA97C2-2FAB-41B7-97D5-1C9772FF1212}.Release|x64.Build.0 = Release|x64
		{C5BA97C2-2FAB-41B7-97D5-1C9772FF1212}.Release|x86.ActiveCfg = Release|Win32
		{C5BA97C2-2FAB-41B7-97D5-1C9772FF1212}.Release|x86.Build.0 = Release|Win32
		{74F59D86-E5EE-4DA0-A93C-0AF02D9FC4C0}.Debug|x64.ActiveCfg = Debug|x64
		{74F59D86-E5EE-4DA0-A93C-0AF02D9FC4C0}.Debug|x64.Build.0 = Debug|x64
		{74F59D86-E5EE-4DA0-A93C-0AF02D9FC4C0}.Debug|x86.ActiveCfg = Debug|Win32
		{74F59D86-E5EE-4DA0-A93C-0AF02D9FC4C0}.Debug|x86.Build.0 = Debug|Win32
		{74F59D86-E5EE-4DA0-A93C-0AF02D9FC4C0}.Release|x64.ActiveCfg = Release|x64
		{74F59D86-E5EE-4DA0-A93C-0AF02D9FC4C0}.Release|x64.Build.0 = Release|x64
		{74F59D86-E5EE-4DA0-A93C-0AF02D9FC4C0}.Release|x86.ActiveCfg = Release|Win32
		{74F59D86-E5EE-4DA0-A93C-0AF02D9FC4C0}.Release|x86.Build.0 = Release|Win32
	EndGlobalSection
	GlobalSection(SolutionProperties) = preSolution
		HideSolutionNode = FALSE
	EndGlobalSection
EndGlobal
